
Microsoft Visual Studio Solution File, Format Version 12.00
# Visual Studio Version 17
VisualStudioVersion = 17.11.35208.52
MinimumVisualStudioVersion = 10.0.40219.1
Project("{FAE04EC0-301F-11D3-BF4B-00C04F79EFBC}") = "Day1_ITI_API", "Day1_ITI_API\Day1_ITI_API.csproj", "{5E1F427B-18B2-47BC-B95F-228BBE7B423F}"
EndProject
Global
	GlobalSection(SolutionConfigurationPlatforms) = preSolution
		Debug|Any CPU = Debug|Any CPU
		Release|Any CPU = Release|Any CPU
	EndGlobalSection
	GlobalSection(ProjectConfigurationPlatforms) = postSolution
		{5E1F427B-18B2-47BC-B95F-228BBE7B423F}.Debug|Any CPU.ActiveCfg = Debug|Any CPU
		{5E1F427B-18B2-47BC-B95F-228BBE7B423F}.Debug|Any CPU.Build.0 = Debug|Any CPU
		{5E1F427B-18B2-47BC-B95F-228BBE7B423F}.Release|Any CPU.ActiveCfg = Release|Any CPU
		{5E1F427B-18B2-47BC-B95F-228BBE7B423F}.Release|Any CPU.Build.0 = Release|Any CPU
	EndGlobalSection
	GlobalSection(SolutionProperties) = preSolution
		HideSolutionNode = FALSE
	EndGlobalSection
	GlobalSection(ExtensibilityGlobals) = postSolution
		SolutionGuid = {377E646A-AD5D-4CBC-AFA8-D86229B2A7AF}
	EndGlobalSection
EndGlobal
